
Microsoft Visual Studio Solution File, Format Version 12.00
# Visual Studio Version 17
VisualStudioVersion = 17.9.34723.18
MinimumVisualStudioVersion = 10.0.40219.1
Project("{2150E333-8FDC-42A3-9474-1A3956D46DE8}") = "Services", "Services", "{0AC97FE8-BCBD-49DA-8712-483D15B5EDC4}"
EndProject
Project("{2150E333-8FDC-42A3-9474-1A3956D46DE8}") = "Catalog", "Catalog", "{8FE20645-F7AE-4061-AC7D-2E0F0A242DB1}"
EndProject
Project("{9A19103F-16F7-4668-BE54-9A1E7A4F7556}") = "Catalog.API", "Services\Catalog\Catalog.API\Catalog.API.csproj", "{23DA4BB9-00B3-4FF6-B944-30318E39F7BB}"
EndProject
Project("{2150E333-8FDC-42A3-9474-1A3956D46DE8}") = "BuildingBlocks", "BuildingBlocks", "{7F7EA406-AFA5-472E-B032-DCF562CE3A41}"
	ProjectSection(SolutionItems) = preProject
		TextFile1.txt = TextFile1.txt
	EndProjectSection
EndProject
Project("{9A19103F-16F7-4668-BE54-9A1E7A4F7556}") = "BuildingBlocks", "BuildingBlocks\BuildingBlocks\BuildingBlocks.csproj", "{CFDBC620-4A1C-4015-A629-C25D08DC2961}"
EndProject
Project("{E53339B2-1760-4266-BCC7-CA923CBCF16C}") = "docker-compose", "docker-compose.dcproj", "{5E01A17E-CE53-4026-B569-8AAFF59ABDF4}"
EndProject
Project("{2150E333-8FDC-42A3-9474-1A3956D46DE8}") = "Basket", "Basket", "{A34F1E93-9A1C-4EB7-9F73-03410F933402}"
EndProject
Project("{9A19103F-16F7-4668-BE54-9A1E7A4F7556}") = "Basket.API", "Services\Basket\Basket.API\Basket.API.csproj", "{E93650A0-5434-416B-B40E-5C995624BDC6}"
EndProject
Project("{2150E333-8FDC-42A3-9474-1A3956D46DE8}") = "Discount", "Discount", "{7F442F78-6960-425D-95C2-CFD4C83C6773}"
EndProject
Project("{9A19103F-16F7-4668-BE54-9A1E7A4F7556}") = "Discount.GRPC", "Services\Discount\Discount.GRPC\Discount.GRPC.csproj", "{97F65CD6-F0A8-4156-847E-B7B40E4B8175}"
EndProject
Project("{2150E333-8FDC-42A3-9474-1A3956D46DE8}") = "Ordering", "Ordering", "{43A7991C-D50C-4E28-8BBB-DA1193E7BC52}"
EndProject
Project("{9A19103F-16F7-4668-BE54-9A1E7A4F7556}") = "Ordering.API", "Services\Ordering\Ordering.API\Ordering.API.csproj", "{B850F8EA-890F-4683-9C35-9E905EBE8B5D}"
EndProject
Project("{9A19103F-16F7-4668-BE54-9A1E7A4F7556}") = "Ordering.Domain", "Services\Ordering\Ordering.Domain\Ordering.Domain.csproj", "{E229B695-4F4A-47EC-895C-4A19A2457D43}"
EndProject
Project("{9A19103F-16F7-4668-BE54-9A1E7A4F7556}") = "Ordering.Application", "Services\Ordering\Ordering.Application\Ordering.Application.csproj", "{2176FF99-CC4D-42D0-94F7-7DB4C327616E}"
EndProject
Project("{9A19103F-16F7-4668-BE54-9A1E7A4F7556}") = "Ordering.Infrastructure", "Services\Ordering\Ordering.Infrastructure\Ordering.Infrastructure.csproj", "{ADBEEC7E-E963-4F6A-ACC8-A5D6A52811E1}"
EndProject
Project("{FAE04EC0-301F-11D3-BF4B-00C04F79EFBC}") = "BuildingBlocksMessaging", "BuildingBlocks\BuildingBlocksMessaging\BuildingBlocksMessaging.csproj", "{1DDF0B39-CACD-473C-9772-BB55C7686ACB}"
EndProject
Global
	GlobalSection(SolutionConfigurationPlatforms) = preSolution
		Debug|Any CPU = Debug|Any CPU
		Release|Any CPU = Release|Any CPU
	EndGlobalSection
	GlobalSection(ProjectConfigurationPlatforms) = postSolution
		{23DA4BB9-00B3-4FF6-B944-30318E39F7BB}.Debug|Any CPU.ActiveCfg = Debug|Any CPU
		{23DA4BB9-00B3-4FF6-B944-30318E39F7BB}.Debug|Any CPU.Build.0 = Debug|Any CPU
		{23DA4BB9-00B3-4FF6-B944-30318E39F7BB}.Release|Any CPU.ActiveCfg = Release|Any CPU
		{23DA4BB9-00B3-4FF6-B944-30318E39F7BB}.Release|Any CPU.Build.0 = Release|Any CPU
		{CFDBC620-4A1C-4015-A629-C25D08DC2961}.Debug|Any CPU.ActiveCfg = Debug|Any CPU
		{CFDBC620-4A1C-4015-A629-C25D08DC2961}.Debug|Any CPU.Build.0 = Debug|Any CPU
		{CFDBC620-4A1C-4015-A629-C25D08DC2961}.Release|Any CPU.ActiveCfg = Release|Any CPU
		{CFDBC620-4A1C-4015-A629-C25D08DC2961}.Release|Any CPU.Build.0 = Release|Any CPU
		{5E01A17E-CE53-4026-B569-8AAFF59ABDF4}.Debug|Any CPU.ActiveCfg = Debug|Any CPU
		{5E01A17E-CE53-4026-B569-8AAFF59ABDF4}.Debug|Any CPU.Build.0 = Debug|Any CPU
		{5E01A17E-CE53-4026-B569-8AAFF59ABDF4}.Release|Any CPU.ActiveCfg = Release|Any CPU
		{5E01A17E-CE53-4026-B569-8AAFF59ABDF4}.Release|Any CPU.Build.0 = Release|Any CPU
		{E93650A0-5434-416B-B40E-5C995624BDC6}.Debug|Any CPU.ActiveCfg = Debug|Any CPU
		{E93650A0-5434-416B-B40E-5C995624BDC6}.Debug|Any CPU.Build.0 = Debug|Any CPU
		{E93650A0-5434-416B-B40E-5C995624BDC6}.Release|Any CPU.ActiveCfg = Release|Any CPU
		{E93650A0-5434-416B-B40E-5C995624BDC6}.Release|Any CPU.Build.0 = Release|Any CPU
		{97F65CD6-F0A8-4156-847E-B7B40E4B8175}.Debug|Any CPU.ActiveCfg = Debug|Any CPU
		{97F65CD6-F0A8-4156-847E-B7B40E4B8175}.Debug|Any CPU.Build.0 = Debug|Any CPU
		{97F65CD6-F0A8-4156-847E-B7B40E4B8175}.Release|Any CPU.ActiveCfg = Release|Any CPU
		{97F65CD6-F0A8-4156-847E-B7B40E4B8175}.Release|Any CPU.Build.0 = Release|Any CPU
		{B850F8EA-890F-4683-9C35-9E905EBE8B5D}.Debug|Any CPU.ActiveCfg = Debug|Any CPU
		{B850F8EA-890F-4683-9C35-9E905EBE8B5D}.Debug|Any CPU.Build.0 = Debug|Any CPU
		{B850F8EA-890F-4683-9C35-9E905EBE8B5D}.Release|Any CPU.ActiveCfg = Release|Any CPU
		{B850F8EA-890F-4683-9C35-9E905EBE8B5D}.Release|Any CPU.Build.0 = Release|Any CPU
		{E229B695-4F4A-47EC-895C-4A19A2457D43}.Debug|Any CPU.ActiveCfg = Debug|Any CPU
		{E229B695-4F4A-47EC-895C-4A19A2457D43}.Debug|Any CPU.Build.0 = Debug|Any CPU
		{E229B695-4F4A-47EC-895C-4A19A2457D43}.Release|Any CPU.ActiveCfg = Release|Any CPU
		{E229B695-4F4A-47EC-895C-4A19A2457D43}.Release|Any CPU.Build.0 = Release|Any CPU
		{2176FF99-CC4D-42D0-94F7-7DB4C327616E}.Debug|Any CPU.ActiveCfg = Debug|Any CPU
		{2176FF99-CC4D-42D0-94F7-7DB4C327616E}.Debug|Any CPU.Build.0 = Debug|Any CPU
		{2176FF99-CC4D-42D0-94F7-7DB4C327616E}.Release|Any CPU.ActiveCfg = Release|Any CPU
		{2176FF99-CC4D-42D0-94F7-7DB4C327616E}.Release|Any CPU.Build.0 = Release|Any CPU
		{ADBEEC7E-E963-4F6A-ACC8-A5D6A52811E1}.Debug|Any CPU.ActiveCfg = Debug|Any CPU
		{ADBEEC7E-E963-4F6A-ACC8-A5D6A52811E1}.Debug|Any CPU.Build.0 = Debug|Any CPU
		{ADBEEC7E-E963-4F6A-ACC8-A5D6A52811E1}.Release|Any CPU.ActiveCfg = Release|Any CPU
		{ADBEEC7E-E963-4F6A-ACC8-A5D6A52811E1}.Release|Any CPU.Build.0 = Release|Any CPU
		{1DDF0B39-CACD-473C-9772-BB55C7686ACB}.Debug|Any CPU.ActiveCfg = Debug|Any CPU
		{1DDF0B39-CACD-473C-9772-BB55C7686ACB}.Debug|Any CPU.Build.0 = Debug|Any CPU
		{1DDF0B39-CACD-473C-9772-BB55C7686ACB}.Release|Any CPU.ActiveCfg = Release|Any CPU
		{1DDF0B39-CACD-473C-9772-BB55C7686ACB}.Release|Any CPU.Build.0 = Release|Any CPU
	EndGlobalSection
	GlobalSection(SolutionProperties) = preSolution
		HideSolutionNode = FALSE
	EndGlobalSection
	GlobalSection(NestedProjects) = preSolution
		{8FE20645-F7AE-4061-AC7D-2E0F0A242DB1} = {0AC97FE8-BCBD-49DA-8712-483D15B5EDC4}
		{23DA4BB9-00B3-4FF6-B944-30318E39F7BB} = {8FE20645-F7AE-4061-AC7D-2E0F0A242DB1}
		{CFDBC620-4A1C-4015-A629-C25D08DC2961} = {7F7EA406-AFA5-472E-B032-DCF562CE3A41}
		{A34F1E93-9A1C-4EB7-9F73-03410F933402} = {0AC97FE8-BCBD-49DA-8712-483D15B5EDC4}
		{E93650A0-5434-416B-B40E-5C995624BDC6} = {A34F1E93-9A1C-4EB7-9F73-03410F933402}
		{7F442F78-6960-425D-95C2-CFD4C83C6773} = {0AC97FE8-BCBD-49DA-8712-483D15B5EDC4}
		{97F65CD6-F0A8-4156-847E-B7B40E4B8175} = {7F442F78-6960-425D-95C2-CFD4C83C6773}
		{43A7991C-D50C-4E28-8BBB-DA1193E7BC52} = {0AC97FE8-BCBD-49DA-8712-483D15B5EDC4}
		{B850F8EA-890F-4683-9C35-9E905EBE8B5D} = {43A7991C-D50C-4E28-8BBB-DA1193E7BC52}
		{E229B695-4F4A-47EC-895C-4A19A2457D43} = {43A7991C-D50C-4E28-8BBB-DA1193E7BC52}
		{2176FF99-CC4D-42D0-94F7-7DB4C327616E} = {43A7991C-D50C-4E28-8BBB-DA1193E7BC52}
		{ADBEEC7E-E963-4F6A-ACC8-A5D6A52811E1} = {43A7991C-D50C-4E28-8BBB-DA1193E7BC52}
		{1DDF0B39-CACD-473C-9772-BB55C7686ACB} = {7F7EA406-AFA5-472E-B032-DCF562CE3A41}
	EndGlobalSection
	GlobalSection(ExtensibilityGlobals) = postSolution
		SolutionGuid = {55E37105-6EA9-4A28-9747-E5A1FA161D71}
	EndGlobalSection
EndGlobal
